
Microsoft Visual Studio Solution File, Format Version 12.00
# Visual Studio Version 16
VisualStudioVersion = 16.0.29209.62
MinimumVisualStudioVersion = 10.0.40219.1
Project("{FAE04EC0-301F-11D3-BF4B-00C04F79EFBC}") = "FIT5032_Assignment3.3_RichText", "FIT5032_Assignment3.3_RichText\FIT5032_Assignment3.3_RichText.csproj", "{0D6B2BE1-7FCD-456B-8508-6FC850E8815F}"
EndProject
Global
	GlobalSection(SolutionConfigurationPlatforms) = preSolution
		Debug|Any CPU = Debug|Any CPU
		Release|Any CPU = Release|Any CPU
	EndGlobalSection
	GlobalSection(ProjectConfigurationPlatforms) = postSolution
		{0D6B2BE1-7FCD-456B-8508-6FC850E8815F}.Debug|Any CPU.ActiveCfg = Debug|Any CPU
		{0D6B2BE1-7FCD-456B-8508-6FC850E8815F}.Debug|Any CPU.Build.0 = Debug|Any CPU
		{0D6B2BE1-7FCD-456B-8508-6FC850E8815F}.Release|Any CPU.ActiveCfg = Release|Any CPU
		{0D6B2BE1-7FCD-456B-8508-6FC850E8815F}.Release|Any CPU.Build.0 = Release|Any CPU
	EndGlobalSection
	GlobalSection(SolutionProperties) = preSolution
		HideSolutionNode = FALSE
	EndGlobalSection
	GlobalSection(ExtensibilityGlobals) = postSolution
		SolutionGuid = {82C2C0FC-A126-4028-9B24-C9BF5AE58B6E}
	EndGlobalSection
EndGlobal
